<?xml version="1.0" encoding="utf-8"?>
<Project ToolsVersion="4.0" xmlns="http://schemas.microsoft.com/developer/msbuild/2003">
  <ItemGroup>
    <Filter Include="源文件">
      <UniqueIdentifier>{4FC737F1-C7A5-4376-A066-2A32D752A2FF}</UniqueIdentifier>
      <Extensions>cpp;c;cc;cxx;def;odl;idl;hpj;bat;asm;asmx</Extensions>
    </Filter>
    <Filter Include="头文件">
      <UniqueIdentifier>{93995380-89BD-4b04-88EB-625FBE52EBFB}</UniqueIdentifier>
      <Extensions>h;hh;hpp;hxx;hm;inl;inc;ipp;xsd</Extensions>
    </Filter>
    <Filter Include="资源文件">
      <UniqueIdentifier>{67DA6AB6-F800-4c08-8B7A-83BB121AAD01}</UniqueIdentifier>
      <Extensions>rc;ico;cur;bmp;dlg;rc2;rct;bin;rgs;gif;jpg;jpeg;jpe;resx;tiff;tif;png;wav;mfcribbon-ms</Extensions>
    </Filter>
  </ItemGroup>
  <ItemGroup>
    <ClCompile Include="p26_RemoveDuplicatesFromSortedArray.c">
      <Filter>源文件</Filter>
    </ClCompile>
    <ClCompile Include="p88_MergeSortedArray.c">
      <Filter>源文件</Filter>
    </ClCompile>
    <ClCompile Include="p287_FindTheDuplicateNumber.c">
      <Filter>源文件</Filter>
    </ClCompile>
    <ClCompile Include="p11_ContainerWithMostWater.c">
      <Filter>源文件</Filter>
    </ClCompile>
    <ClCompile Include="p4_MedianOfTwoSortedArrays.c">
      <Filter>源文件</Filter>
    </ClCompile>
    <ClCompile Include="p867_TransposeMatrix.c">
      <Filter>源文件</Filter>
    </ClCompile>
    <ClCompile Include="p977_SquaresOfASortedArray.c">
      <Filter>源文件</Filter>
    </ClCompile>
    <ClCompile Include="p209_MinimumSizeSubarraySum.c">
      <Filter>源文件</Filter>
    </ClCompile>
    <ClCompile Include="p73_SetMatrixZeroes.c">
      <Filter>源文件</Filter>
    </ClCompile>
    <ClCompile Include="p16_3SumClosest.c">
      <Filter>源文件</Filter>
    </ClCompile>
    <ClCompile Include="p27_RemoveElement.c">
      <Filter>源文件</Filter>
    </ClCompile>
    <ClCompile Include="p66_PlusOne.c">
      <Filter>源文件</Filter>
    </ClCompile>
    <ClCompile Include="p35_SearchCaretPosition.c">
      <Filter>源文件</Filter>
    </ClCompile>
    <ClCompile Include="p48_RotateTheImage.c">
      <Filter>源文件</Filter>
    </ClCompile>
    <ClCompile Include="p121_TheBestTimeToBuyAndSellStocks.c">
      <Filter>源文件</Filter>
    </ClCompile>
    <ClCompile Include="p268_MissingNumbers.c">
      <Filter>源文件</Filter>
    </ClCompile>
    <ClCompile Include="p136_SingleNumber.c">
      <Filter>源文件</Filter>
    </ClCompile>
    <ClCompile Include="p118_PascalsTriangle.c">
      <Filter>源文件</Filter>
    </ClCompile>
    <ClCompile Include="p119_PascalsTriangleII.c">
      <Filter>源文件</Filter>
    </ClCompile>
  </ItemGroup>
</Project>