<?xml version="1.0" encoding="utf-8"?>
<Project ToolsVersion="4.0" xmlns="http://schemas.microsoft.com/developer/msbuild/2003">
  <ItemGroup>
    <Filter Include="源文件">
      <UniqueIdentifier>{4FC737F1-C7A5-4376-A066-2A32D752A2FF}</UniqueIdentifier>
      <Extensions>cpp;c;cc;cxx;def;odl;idl;hpj;bat;asm;asmx</Extensions>
    </Filter>
    <Filter Include="头文件">
      <UniqueIdentifier>{93995380-89BD-4b04-88EB-625FBE52EBFB}</UniqueIdentifier>
      <Extensions>h;hh;hpp;hxx;hm;inl;inc;ipp;xsd</Extensions>
    </Filter>
    <Filter Include="资源文件">
      <UniqueIdentifier>{67DA6AB6-F800-4c08-8B7A-83BB121AAD01}</UniqueIdentifier>
      <Extensions>rc;ico;cur;bmp;dlg;rc2;rct;bin;rgs;gif;jpg;jpeg;jpe;resx;tiff;tif;png;wav;mfcribbon-ms</Extensions>
    </Filter>
  </ItemGroup>
  <ItemGroup>
    <ClCompile Include="p520_DetectCapital.c">
      <Filter>源文件</Filter>
    </ClCompile>
    <ClCompile Include="p521_LongestUncommonSubsequenceI.c">
      <Filter>源文件</Filter>
    </ClCompile>
    <ClCompile Include="p12_IntegerToRoman.c">
      <Filter>源文件</Filter>
    </ClCompile>
    <ClCompile Include="p93_RestoreIpAddresses.c">
      <Filter>源文件</Filter>
    </ClCompile>
    <ClCompile Include="p67_AddBinary.c">
      <Filter>源文件</Filter>
    </ClCompile>
    <ClCompile Include="p28_ImplementStrstr.c">
      <Filter>源文件</Filter>
    </ClCompile>
    <ClCompile Include="p647_PalindromicSubstrings.c">
      <Filter>源文件</Filter>
    </ClCompile>
    <ClCompile Include="p3_LongestSubstringWithoutRepeatingCharacters.c">
      <Filter>源文件</Filter>
    </ClCompile>
    <ClCompile Include="p125_ValidPalindrome.c">
      <Filter>源文件</Filter>
    </ClCompile>
    <ClCompile Include="p115_DistinctSubsequences.c">
      <Filter>源文件</Filter>
    </ClCompile>
    <ClCompile Include="p58_LengthOfLastWord.c">
      <Filter>源文件</Filter>
    </ClCompile>
    <ClCompile Include="p392_JudgeSubsequence.c">
      <Filter>源文件</Filter>
    </ClCompile>
    <ClCompile Include="p409_LongestPalindrome.c">
      <Filter>源文件</Filter>
    </ClCompile>
    <ClCompile Include="p139_WordBreak.c">
      <Filter>源文件</Filter>
    </ClCompile>
    <ClCompile Include="p151_ReverseWordsInAString.c">
      <Filter>源文件</Filter>
    </ClCompile>
    <ClCompile Include="p32_LongestValidParentheses.c">
      <Filter>源文件</Filter>
    </ClCompile>
    <ClCompile Include="p557_ReverseWordsInAStringIII.c">
      <Filter>源文件</Filter>
    </ClCompile>
    <ClCompile Include="p771_JewelsAndStones.c">
      <Filter>源文件</Filter>
    </ClCompile>
    <ClCompile Include="p171_ExcelSheetColumnNumber.c">
      <Filter>源文件</Filter>
    </ClCompile>
    <ClCompile Include="p6_ZigzagConversion.c">
      <Filter>源文件</Filter>
    </ClCompile>
    <ClCompile Include="p38_CountAndSay.c">
      <Filter>源文件</Filter>
    </ClCompile>
  </ItemGroup>
</Project>