
Microsoft Visual Studio Solution File, Format Version 12.00
# Visual Studio 15
VisualStudioVersion = 15.0.28307.852
MinimumVisualStudioVersion = 10.0.40219.1
Project("{8BC9CEB8-8B4A-11D0-8D11-00A0C91BC942}") = "BinarySearch", "BinarySearch\BinarySearch.vcxproj", "{B9319F3A-7792-4201-A1E0-0250BBCE2C98}"
EndProject
Global
	GlobalSection(SolutionConfigurationPlatforms) = preSolution
		Debug|x64 = Debug|x64
		Debug|x86 = Debug|x86
		Release|x64 = Release|x64
		Release|x86 = Release|x86
	EndGlobalSection
	GlobalSection(ProjectConfigurationPlatforms) = postSolution
		{B9319F3A-7792-4201-A1E0-0250BBCE2C98}.Debug|x64.ActiveCfg = Debug|x64
		{B9319F3A-7792-4201-A1E0-0250BBCE2C98}.Debug|x64.Build.0 = Debug|x64
		{B9319F3A-7792-4201-A1E0-0250BBCE2C98}.Debug|x86.ActiveCfg = Debug|Win32
		{B9319F3A-7792-4201-A1E0-0250BBCE2C98}.Debug|x86.Build.0 = Debug|Win32
		{B9319F3A-7792-4201-A1E0-0250BBCE2C98}.Release|x64.ActiveCfg = Release|x64
		{B9319F3A-7792-4201-A1E0-0250BBCE2C98}.Release|x64.Build.0 = Release|x64
		{B9319F3A-7792-4201-A1E0-0250BBCE2C98}.Release|x86.ActiveCfg = Release|Win32
		{B9319F3A-7792-4201-A1E0-0250BBCE2C98}.Release|x86.Build.0 = Release|Win32
	EndGlobalSection
	GlobalSection(SolutionProperties) = preSolution
		HideSolutionNode = FALSE
	EndGlobalSection
	GlobalSection(ExtensibilityGlobals) = postSolution
		SolutionGuid = {C5A001C9-A08E-47C5-A10B-6E792E3F0222}
	EndGlobalSection
EndGlobal
